{
  "nodes": {
    "devshell": {
      "flake": false,
      "locked": {
        "lastModified": 1663445644,
        "narHash": "sha256-+xVlcK60x7VY1vRJbNUEAHi17ZuoQxAIH4S4iUFUGBA=",
        "owner": "numtide",
        "repo": "devshell",
        "rev": "e3dc3e21594fe07bdb24bdf1c8657acaa4cb8f66",
        "type": "github"
      },
      "original": {
        "owner": "numtide",
        "repo": "devshell",
        "type": "github"
      }
    },
    "dream2nix": {
      "inputs": {
        "devshell": "devshell",
        "flake-compat": "flake-compat",
        "flake-parts": "flake-parts",
        "nixpkgs": [
          "nixpkgs"
        ],
        "pre-commit-hooks": "pre-commit-hooks"
      },
      "locked": {
        "lastModified": 1692701342,
        "narHash": "sha256-PVKEP6CH/T0kPyGuyjQfWVCa4aLtMyMFxFjgl88xgnE=",
        "owner": "nix-community",
        "repo": "dream2nix",
        "rev": "f67f7354ecd046609f49a4b70fb97c664ea2aa33",
        "type": "github"
      },
      "original": {
        "owner": "nix-community",
        "ref": "python",
        "repo": "dream2nix",
        "type": "github"
      }
    },
    "flake-compat": {
      "flake": false,
      "locked": {
        "lastModified": 1673956053,
        "narHash": "sha256-4gtG9iQuiKITOjNQQeQIpoIB6b16fm+504Ch3sNKLd8=",
        "owner": "edolstra",
        "repo": "flake-compat",
        "rev": "35bb57c0c8d8b62bbfd284272c928ceb64ddbde9",
        "type": "github"
      },
      "original": {
        "owner": "edolstra",
        "repo": "flake-compat",
        "type": "github"
      }
    },
    "flake-parts": {
      "inputs": {
        "nixpkgs-lib": [
          "dream2nix",
          "nixpkgs"
        ]
      },
      "locked": {
        "lastModified": 1675933616,
        "narHash": "sha256-/rczJkJHtx16IFxMmAWu5nNYcSXNg1YYXTHoGjLrLUA=",
        "owner": "hercules-ci",
        "repo": "flake-parts",
        "rev": "47478a4a003e745402acf63be7f9a092d51b83d7",
        "type": "github"
      },
      "original": {
        "owner": "hercules-ci",
        "repo": "flake-parts",
        "type": "github"
      }
    },
    "flake-parts_2": {
      "inputs": {
        "nixpkgs-lib": [
          "nixpkgs"
        ]
      },
      "locked": {
        "lastModified": 1677714448,
        "narHash": "sha256-Hq8qLs8xFu28aDjytfxjdC96bZ6pds21Yy09mSC156I=",
        "owner": "hercules-ci",
        "repo": "flake-parts",
        "rev": "dc531e3a9ce757041e1afaff8ee932725ca60002",
        "type": "github"
      },
      "original": {
        "owner": "hercules-ci",
        "repo": "flake-parts",
        "type": "github"
      }
    },
    "flake-parts_3": {
      "inputs": {
        "nixpkgs-lib": "nixpkgs-lib"
      },
      "locked": {
        "lastModified": 1673362319,
        "narHash": "sha256-Pjp45Vnj7S/b3BRpZEVfdu8sqqA6nvVjvYu59okhOyI=",
        "owner": "hercules-ci",
        "repo": "flake-parts",
        "rev": "82c16f1682cf50c01cb0280b38a1eed202b3fe9f",
        "type": "github"
      },
      "original": {
        "id": "flake-parts",
        "type": "indirect"
      }
    },
    "flake-parts_4": {
      "inputs": {
        "nixpkgs-lib": [
          "hercules-ci-effects",
          "hercules-ci-agent",
          "nixpkgs"
        ]
      },
      "locked": {
        "lastModified": 1666885127,
        "narHash": "sha256-uXA/3lhLhwOTBMn9a5zJODKqaRT+SuL5cpEmOz2ULoo=",
        "owner": "hercules-ci",
        "repo": "flake-parts",
        "rev": "0e101dbae756d35a376a5e1faea532608e4a4b9a",
        "type": "github"
      },
      "original": {
        "owner": "hercules-ci",
        "repo": "flake-parts",
        "type": "github"
      }
    },
    "flake-utils": {
      "inputs": {
        "systems": "systems"
      },
      "locked": {
        "lastModified": 1689068808,
        "narHash": "sha256-6ixXo3wt24N/melDWjq70UuHQLxGV8jZvooRanIHXw0=",
        "owner": "numtide",
        "repo": "flake-utils",
        "rev": "919d646de7be200f3bf08cb76ae1f09402b6f9b4",
        "type": "github"
      },
      "original": {
        "owner": "numtide",
        "repo": "flake-utils",
        "type": "github"
      }
    },
    "flake-utils_2": {
      "locked": {
        "lastModified": 1667077288,
        "narHash": "sha256-bdC8sFNDpT0HK74u9fUkpbf1MEzVYJ+ka7NXCdgBoaA=",
        "owner": "numtide",
        "repo": "flake-utils",
        "rev": "6ee9ebb6b1ee695d2cacc4faa053a7b9baa76817",
        "type": "github"
      },
      "original": {
        "owner": "numtide",
        "repo": "flake-utils",
        "type": "github"
      }
    },
    "hercules-ci-agent": {
      "inputs": {
        "flake-parts": "flake-parts_4",
        "nix-darwin": "nix-darwin",
        "nixpkgs": "nixpkgs",
        "pre-commit-hooks-nix": "pre-commit-hooks-nix"
      },
      "locked": {
        "lastModified": 1673183923,
        "narHash": "sha256-vb+AEQJAW4Xn4oHsfsx8H12XQU0aK8VYLtWYJm/ol28=",
        "owner": "hercules-ci",
        "repo": "hercules-ci-agent",
        "rev": "b3f8aa8e4a8b22dbbe92cc5a89e6881090b933b3",
        "type": "github"
      },
      "original": {
        "id": "hercules-ci-agent",
        "type": "indirect"
      }
    },
    "hercules-ci-effects": {
      "inputs": {
        "flake-parts": "flake-parts_3",
        "hercules-ci-agent": "hercules-ci-agent",
        "nixpkgs": [
          "nixpkgs"
        ]
      },
      "locked": {
        "lastModified": 1676558019,
        "narHash": "sha256-obUHCMMWbffb3k0b9YIChsJ2Z281BcDYnTPTbJRP6vs=",
        "owner": "hercules-ci",
        "repo": "hercules-ci-effects",
        "rev": "fdbc15b55db8d037504934d3af52f788e0593380",
        "type": "github"
      },
      "original": {
        "owner": "hercules-ci",
        "repo": "hercules-ci-effects",
        "type": "github"
      }
    },
    "invokeai-src": {
      "flake": false,
      "locked": {
        "lastModified": 1691720621,
        "narHash": "sha256-iARkE63vOd6+kIjxHqV9JDyYSvc+/4PPTpqg0QTBYCI=",
        "owner": "invoke-ai",
        "repo": "InvokeAI",
        "rev": "06296896a9db616fb44e747f7834cae0504926bf",
        "type": "github"
      },
      "original": {
        "owner": "invoke-ai",
        "ref": "v3.0.2",
        "repo": "InvokeAI",
        "type": "github"
      }
    },
    "koboldai-src": {
      "flake": false,
      "locked": {
        "lastModified": 1668957963,
        "narHash": "sha256-fKQ/6LiMmrfSWczC5kcf6M9cpuF9dDYl2gJ4+6ZLSdY=",
        "owner": "koboldai",
        "repo": "koboldai-client",
        "rev": "f2077b8e58db6bd47a62bf9ed2649bb0711f9678",
        "type": "github"
      },
      "original": {
        "owner": "koboldai",
        "ref": "1.19.2",
        "repo": "koboldai-client",
        "type": "github"
      }
    },
    "nix-darwin": {
      "inputs": {
        "nixpkgs": [
          "hercules-ci-effects",
          "hercules-ci-agent",
          "nixpkgs"
        ]
      },
      "locked": {
        "lastModified": 1667419884,
        "narHash": "sha256-oLNw87ZI5NxTMlNQBv1wG2N27CUzo9admaFlnmavpiY=",
        "owner": "LnL7",
        "repo": "nix-darwin",
        "rev": "cfc0125eafadc9569d3d6a16ee928375b77e3100",
        "type": "github"
      },
      "original": {
        "owner": "LnL7",
        "repo": "nix-darwin",
        "type": "github"
      }
    },
    "nixpkgs": {
      "locked": {
        "lastModified": 1672262501,
        "narHash": "sha256-ZNXqX9lwYo1tOFAqrVtKTLcJ2QMKCr3WuIvpN8emp7I=",
        "owner": "NixOS",
        "repo": "nixpkgs",
        "rev": "e182da8622a354d44c39b3d7a542dc12cd7baa5f",
        "type": "github"
      },
      "original": {
        "owner": "NixOS",
        "ref": "nixos-unstable",
        "repo": "nixpkgs",
        "type": "github"
      }
    },
    "nixpkgs-lib": {
      "locked": {
        "dir": "lib",
        "lastModified": 1672350804,
        "narHash": "sha256-jo6zkiCabUBn3ObuKXHGqqORUMH27gYDIFFfLq5P4wg=",
        "owner": "NixOS",
        "repo": "nixpkgs",
        "rev": "677ed08a50931e38382dbef01cba08a8f7eac8f6",
        "type": "github"
      },
      "original": {
        "dir": "lib",
        "owner": "NixOS",
        "ref": "nixos-unstable",
        "repo": "nixpkgs",
        "type": "github"
      }
    },
    "nixpkgs_2": {
      "locked": {
        "lastModified": 1677932085,
        "narHash": "sha256-+AB4dYllWig8iO6vAiGGYl0NEgmMgGHpy9gzWJ3322g=",
        "owner": "NixOS",
        "repo": "nixpkgs",
        "rev": "3c5319ad3aa51551182ac82ea17ab1c6b0f0df89",
        "type": "github"
      },
      "original": {
        "owner": "NixOS",
        "ref": "nixos-unstable",
        "repo": "nixpkgs",
        "type": "github"
      }
    },
    "pre-commit-hooks": {
      "inputs": {
        "flake-utils": "flake-utils",
        "nixpkgs": [
          "dream2nix",
          "nixpkgs"
        ]
      },
      "locked": {
        "lastModified": 1646153636,
        "narHash": "sha256-AlWHMzK+xJ1mG267FdT8dCq/HvLCA6jwmx2ZUy5O8tY=",
        "owner": "cachix",
        "repo": "pre-commit-hooks.nix",
        "rev": "b6bc0b21e1617e2b07d8205e7fae7224036dfa4b",
        "type": "github"
      },
      "original": {
        "owner": "cachix",
        "repo": "pre-commit-hooks.nix",
        "type": "github"
      }
    },
    "pre-commit-hooks-nix": {
      "inputs": {
        "flake-utils": "flake-utils_2",
        "nixpkgs": [
          "hercules-ci-effects",
          "hercules-ci-agent",
          "nixpkgs"
        ]
      },
      "locked": {
        "lastModified": 1667760143,
        "narHash": "sha256-+X5CyeNEKp41bY/I1AJgW/fn69q5cLJ1bgiaMMCKB3M=",
        "owner": "cachix",
        "repo": "pre-commit-hooks.nix",
        "rev": "06f48d63d473516ce5b8abe70d15be96a0147fcd",
        "type": "github"
      },
      "original": {
        "owner": "cachix",
        "repo": "pre-commit-hooks.nix",
        "type": "github"
      }
    },
    "root": {
      "inputs": {
        "dream2nix": "dream2nix",
        "flake-parts": "flake-parts_2",
        "hercules-ci-effects": "hercules-ci-effects",
        "invokeai-src": "invokeai-src",
        "koboldai-src": "koboldai-src",
        "nixpkgs": "nixpkgs_2"
      }
    },
    "systems": {
      "locked": {
        "lastModified": 1681028828,
        "narHash": "sha256-Vy1rq5AaRuLzOxct8nz4T6wlgyUR7zLU309k9mBC768=",
        "owner": "nix-systems",
        "repo": "default",
        "rev": "da67096a3b9bf56a91d16901293e51ba5b49a27e",
        "type": "github"
      },
      "original": {
        "owner": "nix-systems",
        "repo": "default",
        "type": "github"
      }
    }
  },
  "root": "root",
  "version": 7
}
